// !$*UTF8*$!
{
	archiveVersion = 1;
	classes = {
	};
	objectVersion = 46;
	objects = {

/* Begin PBXBuildFile section */
		B0E617B01B886976001D9071 /* CoreLocation.framework in Frameworks */ = {isa = PBXBuildFile; fileRef = B0E617AE1B886960001D9071 /* CoreLocation.framework */; };
		B543008B1D43CA5D002B1420 /* AppDelegate.swift in Sources */ = {isa = PBXBuildFile; fileRef = B543008A1D43CA5D002B1420 /* AppDelegate.swift */; };
		B543008D1D43CA6A002B1420 /* Images.xcassets in Resources */ = {isa = PBXBuildFile; fileRef = B543008C1D43CA6A002B1420 /* Images.xcassets */; };
		B543008F1D43CA72002B1420 /* ViewController.swift in Sources */ = {isa = PBXBuildFile; fileRef = B543008E1D43CA72002B1420 /* ViewController.swift */; };
		B54300991D43CAC9002B1420 /* LaunchScreen.xib in Resources */ = {isa = PBXBuildFile; fileRef = B54300971D43CAC9002B1420 /* LaunchScreen.xib */; };
		B543009C1D43CAD1002B1420 /* Main.storyboard in Resources */ = {isa = PBXBuildFile; fileRef = B543009A1D43CAD1002B1420 /* Main.storyboard */; };
/* End PBXBuildFile section */

/* Begin PBXFileReference section */
		B0E617891B88694B001D9071 /* USK-WhereAmILocApp.app */ = {isa = PBXFileReference; explicitFileType = wrapper.application; includeInIndex = 0; path = "USK-WhereAmILocApp.app"; sourceTree = BUILT_PRODUCTS_DIR; };
		B0E617AE1B886960001D9071 /* CoreLocation.framework */ = {isa = PBXFileReference; lastKnownFileType = wrapper.framework; name = CoreLocation.framework; path = System/Library/Frameworks/CoreLocation.framework; sourceTree = SDKROOT; };
		B543008A1D43CA5D002B1420 /* AppDelegate.swift */ = {isa = PBXFileReference; fileEncoding = 4; lastKnownFileType = sourcecode.swift; name = AppDelegate.swift; path = "USK-WhereAmI/AppDelegate.swift"; sourceTree = SOURCE_ROOT; };
		B543008C1D43CA6A002B1420 /* Images.xcassets */ = {isa = PBXFileReference; lastKnownFileType = folder.assetcatalog; name = Images.xcassets; path = "USK-WhereAmI/Images.xcassets"; sourceTree = SOURCE_ROOT; };
		B543008E1D43CA72002B1420 /* ViewController.swift */ = {isa = PBXFileReference; fileEncoding = 4; lastKnownFileType = sourcecode.swift; name = ViewController.swift; path = "USK-WhereAmI/ViewController.swift"; sourceTree = SOURCE_ROOT; };
		B54300981D43CAC9002B1420 /* Base */ = {isa = PBXFileReference; lastKnownFileType = file.xib; name = Base; path = "USK-WhereAmI/Base.lproj/LaunchScreen.xib"; sourceTree = SOURCE_ROOT; };
		B543009B1D43CAD1002B1420 /* Base */ = {isa = PBXFileReference; lastKnownFileType = file.storyboard; name = Base; path = "USK-WhereAmI/Base.lproj/Main.storyboard"; sourceTree = SOURCE_ROOT; };
		B543009D1D43CADC002B1420 /* Info.plist */ = {isa = PBXFileReference; fileEncoding = 4; lastKnownFileType = text.plist.xml; name = Info.plist; path = "USK-WhereAmI/Info.plist"; sourceTree = SOURCE_ROOT; };
/* End PBXFileReference section */

/* Begin PBXFrameworksBuildPhase section */
		B0E617861B88694B001D9071 /* Frameworks */ = {
			isa = PBXFrameworksBuildPhase;
			buildActionMask = 2147483647;
			files = (
				B0E617B01B886976001D9071 /* CoreLocation.framework in Frameworks */,
			);
			runOnlyForDeploymentPostprocessing = 0;
		};
/* End PBXFrameworksBuildPhase section */

/* Begin PBXGroup section */
		B0E617801B88694B001D9071 = {
			isa = PBXGroup;
			children = (
				B0E6178B1B88694B001D9071 /* USK-WhereAmI */,
				B0E6178A1B88694B001D9071 /* Products */,
			);
			sourceTree = "<group>";
		};
		B0E6178A1B88694B001D9071 /* Products */ = {
			isa = PBXGroup;
			children = (
				B0E617891B88694B001D9071 /* USK-WhereAmILocApp.app */,
			);
			name = Products;
			sourceTree = "<group>";
		};
		B0E6178B1B88694B001D9071 /* USK-WhereAmI */ = {
			isa = PBXGroup;
			children = (
				B543008A1D43CA5D002B1420 /* AppDelegate.swift */,
				B543008E1D43CA72002B1420 /* ViewController.swift */,
				B543008C1D43CA6A002B1420 /* Images.xcassets */,
				B54300971D43CAC9002B1420 /* LaunchScreen.xib */,
				B543009A1D43CAD1002B1420 /* Main.storyboard */,
				B0E6178C1B88694B001D9071 /* Supporting Files */,
			);
			name = "USK-WhereAmI";
			path = "Udemy-WhereAmI";
			sourceTree = "<group>";
		};
		B0E6178C1B88694B001D9071 /* Supporting Files */ = {
			isa = PBXGroup;
			children = (
				B543009D1D43CADC002B1420 /* Info.plist */,
				B0E617AE1B886960001D9071 /* CoreLocation.framework */,
			);
			name = "Supporting Files";
			sourceTree = "<group>";
		};
/* End PBXGroup section */

/* Begin PBXNativeTarget section */
		B0E617881B88694B001D9071 /* USK-WhereAmILocApp */ = {
			isa = PBXNativeTarget;
			buildConfigurationList = B0E617A81B88694B001D9071 /* Build configuration list for PBXNativeTarget "USK-WhereAmILocApp" */;
			buildPhases = (
				B0E617851B88694B001D9071 /* Sources */,
				B0E617861B88694B001D9071 /* Frameworks */,
				B0E617871B88694B001D9071 /* Resources */,
			);
			buildRules = (
			);
			dependencies = (
			);
			name = "USK-WhereAmILocApp";
			productName = "Udemy-WhereAmI";
			productReference = B0E617891B88694B001D9071 /* USK-WhereAmILocApp.app */;
			productType = "com.apple.product-type.application";
		};
/* End PBXNativeTarget section */

/* Begin PBXProject section */
		B0E617811B88694B001D9071 /* Project object */ = {
			isa = PBXProject;
			attributes = {
				LastSwiftMigration = 0720;
				LastSwiftUpdateCheck = 0720;
				LastUpgradeCheck = 0720;
				ORGANIZATIONNAME = Soaurabh;
				TargetAttributes = {
					B0E617881B88694B001D9071 = {
						CreatedOnToolsVersion = 6.4;
					};
				};
			};
			buildConfigurationList = B0E617841B88694B001D9071 /* Build configuration list for PBXProject "USK-WhereAmILocApp" */;
			compatibilityVersion = "Xcode 3.2";
			developmentRegion = English;
			hasScannedForEncodings = 0;
			knownRegions = (
				en,
				Base,
			);
			mainGroup = B0E617801B88694B001D9071;
			productRefGroup = B0E6178A1B88694B001D9071 /* Products */;
			projectDirPath = "";
			projectRoot = "";
			targets = (
				B0E617881B88694B001D9071 /* USK-WhereAmILocApp */,
			);
		};
/* End PBXProject section */

/* Begin PBXResourcesBuildPhase section */
		B0E617871B88694B001D9071 /* Resources */ = {
			isa = PBXResourcesBuildPhase;
			buildActionMask = 2147483647;
			files = (
				B543009C1D43CAD1002B1420 /* Main.storyboard in Resources */,
				B54300991D43CAC9002B1420 /* LaunchScreen.xib in Resources */,
				B543008D1D43CA6A002B1420 /* Images.xcassets in Resources */,
			);
			runOnlyForDeploymentPostprocessing = 0;
		};
/* End PBXResourcesBuildPhase section */

/* Begin PBXSourcesBuildPhase section */
		B0E617851B88694B001D9071 /* Sources */ = {
			isa = PBXSourcesBuildPhase;
			buildActionMask = 2147483647;
			files = (
				B543008B1D43CA5D002B1420 /* AppDelegate.swift in Sources */,
				B543008F1D43CA72002B1420 /* ViewController.swift in Sources */,
			);
			runOnlyForDeploymentPostprocessing = 0;
		};
/* End PBXSourcesBuildPhase section */

/* Begin PBXVariantGroup section */
		B54300971D43CAC9002B1420 /* LaunchScreen.xib */ = {
			isa = PBXVariantGroup;
			children = (
				B54300981D43CAC9002B1420 /* Base */,
			);
			name = LaunchScreen.xib;
			sourceTree = "<group>";
		};
		B543009A1D43CAD1002B1420 /* Main.storyboard */ = {
			isa = PBXVariantGroup;
			children = (
				B543009B1D43CAD1002B1420 /* Base */,
			);
			name = Main.storyboard;
			sourceTree = "<group>";
		};
/* End PBXVariantGroup section */

/* Begin XCBuildConfiguration section */
		B0E617A61B88694B001D9071 /* Debug */ = {
			isa = XCBuildConfiguration;
			buildSettings = {
				ALWAYS_SEARCH_USER_PATHS = NO;
				CLANG_CXX_LANGUAGE_STANDARD = "gnu++0x";
				CLANG_CXX_LIBRARY = "libc++";
				CLANG_ENABLE_MODULES = YES;
				CLANG_ENABLE_OBJC_ARC = YES;
				CLANG_WARN_BOOL_CONVERSION = YES;
				CLANG_WARN_CONSTANT_CONVERSION = YES;
				CLANG_WARN_DIRECT_OBJC_ISA_USAGE = YES_ERROR;
				CLANG_WARN_EMPTY_BODY = YES;
				CLANG_WARN_ENUM_CONVERSION = YES;
				CLANG_WARN_INT_CONVERSION = YES;
				CLANG_WARN_OBJC_ROOT_CLASS = YES_ERROR;
				CLANG_WARN_UNREACHABLE_CODE = YES;
				CLANG_WARN__DUPLICATE_METHOD_MATCH = YES;
				CODE_SIGN_IDENTITY = "Developer ID Application: Monotype Imaging";
				"CODE_SIGN_IDENTITY[sdk=iphoneos*]" = "Developer ID Application: Monotype Imaging";
				COPY_PHASE_STRIP = NO;
				DEBUG_INFORMATION_FORMAT = "dwarf-with-dsym";
				ENABLE_STRICT_OBJC_MSGSEND = YES;
				ENABLE_TESTABILITY = YES;
				GCC_C_LANGUAGE_STANDARD = gnu99;
				GCC_DYNAMIC_NO_PIC = NO;
				GCC_NO_COMMON_BLOCKS = YES;
				GCC_OPTIMIZATION_LEVEL = 0;
				GCC_PREPROCESSOR_DEFINITIONS = (
					"DEBUG=1",
					"$(inherited)",
				);
				GCC_SYMBOLS_PRIVATE_EXTERN = NO;
				GCC_WARN_64_TO_32_BIT_CONVERSION = YES;
				GCC_WARN_ABOUT_RETURN_TYPE = YES_ERROR;
				GCC_WARN_UNDECLARED_SELECTOR = YES;
				GCC_WARN_UNINITIALIZED_AUTOS = YES_AGGRESSIVE;
				GCC_WARN_UNUSED_FUNCTION = YES;
				GCC_WARN_UNUSED_VARIABLE = YES;
				IPHONEOS_DEPLOYMENT_TARGET = 9.2;
				MTL_ENABLE_DEBUG_INFO = YES;
				ONLY_ACTIVE_ARCH = YES;
				SDKROOT = iphoneos;
				SWIFT_OPTIMIZATION_LEVEL = "-Onone";
			};
			name = Debug;
		};
		B0E617A71B88694B001D9071 /* Release */ = {
			isa = XCBuildConfiguration;
			buildSettings = {
				ALWAYS_SEARCH_USER_PATHS = NO;
				CLANG_CXX_LANGUAGE_STANDARD = "gnu++0x";
				CLANG_CXX_LIBRARY = "libc++";
				CLANG_ENABLE_MODULES = YES;
				CLANG_ENABLE_OBJC_ARC = YES;
				CLANG_WARN_BOOL_CONVERSION = YES;
				CLANG_WARN_CONSTANT_CONVERSION = YES;
				CLANG_WARN_DIRECT_OBJC_ISA_USAGE = YES_ERROR;
				CLANG_WARN_EMPTY_BODY = YES;
				CLANG_WARN_ENUM_CONVERSION = YES;
				CLANG_WARN_INT_CONVERSION = YES;
				CLANG_WARN_OBJC_ROOT_CLASS = YES_ERROR;
				CLANG_WARN_UNREACHABLE_CODE = YES;
				CLANG_WARN__DUPLICATE_METHOD_MATCH = YES;
				CODE_SIGN_IDENTITY = "Developer ID Application: Monotype Imaging";
				"CODE_SIGN_IDENTITY[sdk=iphoneos*]" = "Developer ID Application: Monotype Imaging";
				COPY_PHASE_STRIP = NO;
				DEBUG_INFORMATION_FORMAT = "dwarf-with-dsym";
				ENABLE_NS_ASSERTIONS = NO;
				ENABLE_STRICT_OBJC_MSGSEND = YES;
				GCC_C_LANGUAGE_STANDARD = gnu99;
				GCC_NO_COMMON_BLOCKS = YES;
				GCC_WARN_64_TO_32_BIT_CONVERSION = YES;
				GCC_WARN_ABOUT_RETURN_TYPE = YES_ERROR;
				GCC_WARN_UNDECLARED_SELECTOR = YES;
				GCC_WARN_UNINITIALIZED_AUTOS = YES_AGGRESSIVE;
				GCC_WARN_UNUSED_FUNCTION = YES;
				GCC_WARN_UNUSED_VARIABLE = YES;
				IPHONEOS_DEPLOYMENT_TARGET = 9.2;
				MTL_ENABLE_DEBUG_INFO = NO;
				SDKROOT = iphoneos;
				VALIDATE_PRODUCT = YES;
			};
			name = Release;
		};
		B0E617A91B88694B001D9071 /* Debug */ = {
			isa = XCBuildConfiguration;
			buildSettings = {
				ASSETCATALOG_COMPILER_APPICON_NAME = AppIcon;
				CODE_SIGN_IDENTITY = "Developer ID Application: Monotype Imaging";
				INFOPLIST_FILE = "USK-WhereAmI/Info.plist";
				LD_RUNPATH_SEARCH_PATHS = "$(inherited) @executable_path/Frameworks";
				PRODUCT_BUNDLE_IDENTIFIER = "com.skCompany.$(PRODUCT_NAME:rfc1034identifier)";
				PRODUCT_NAME = "USK-WhereAmILocApp";
			};
			name = Debug;
		};
		B0E617AA1B88694B001D9071 /* Release */ = {
			isa = XCBuildConfiguration;
			buildSettings = {
				ASSETCATALOG_COMPILER_APPICON_NAME = AppIcon;
				CODE_SIGN_IDENTITY = "Developer ID Application: Monotype Imaging";
				INFOPLIST_FILE = "USK-WhereAmI/Info.plist";
				LD_RUNPATH_SEARCH_PATHS = "$(inherited) @executable_path/Frameworks";
				PRODUCT_BUNDLE_IDENTIFIER = "com.skCompany.$(PRODUCT_NAME:rfc1034identifier)";
				PRODUCT_NAME = "USK-WhereAmILocApp";
			};
			name = Release;
		};
/* End XCBuildConfiguration section */

/* Begin XCConfigurationList section */
		B0E617841B88694B001D9071 /* Build configuration list for PBXProject "USK-WhereAmILocApp" */ = {
			isa = XCConfigurationList;
			buildConfigurations = (
				B0E617A61B88694B001D9071 /* Debug */,
				B0E617A71B88694B001D9071 /* Release */,
			);
			defaultConfigurationIsVisible = 0;
			defaultConfigurationName = Release;
		};
		B0E617A81B88694B001D9071 /* Build configuration list for PBXNativeTarget "USK-WhereAmILocApp" */ = {
			isa = XCConfigurationList;
			buildConfigurations = (
				B0E617A91B88694B001D9071 /* Debug */,
				B0E617AA1B88694B001D9071 /* Release */,
			);
			defaultConfigurationIsVisible = 0;
			defaultConfigurationName = Release;
		};
/* End XCConfigurationList section */
	};
	rootObject = B0E617811B88694B001D9071 /* Project object */;
}
